
Microsoft Visual Studio Solution File, Format Version 12.00
# Visual Studio Version 17
VisualStudioVersion = 17.1.32328.378
MinimumVisualStudioVersion = 10.0.40219.1
Project("{9A19103F-16F7-4668-BE54-9A1E7A4F7556}") = "AxSurvey", "AxSurvey\AxSurvey.csproj", "{9223D4FD-06AE-419D-A492-D89465CE2177}"
EndProject
Project("{9A19103F-16F7-4668-BE54-9A1E7A4F7556}") = "AxSurvey.Model", "AxSurvey.Model\AxSurvey.Model.csproj", "{B7D01207-B76B-492B-975B-6CF1C16ED46C}"
EndProject
Project("{9A19103F-16F7-4668-BE54-9A1E7A4F7556}") = "AxSurvey.DAL", "AxSurvey.DAL\AxSurvey.DAL.csproj", "{FD520335-9784-4D97-8213-7A43EF9D9424}"
EndProject
Project("{9A19103F-16F7-4668-BE54-9A1E7A4F7556}") = "AxSurvey.Common", "AxSurvey.Common\AxSurvey.Common.csproj", "{DD51C504-246B-4CF4-A6FC-A433E07EA80B}"
EndProject
Project("{FAE04EC0-301F-11D3-BF4B-00C04F79EFBC}") = "AxSurveyTest", "AxSurveyTest\AxSurveyTest.csproj", "{6122AE99-85A2-4741-915A-C2B7B4DED4AF}"
EndProject
Global
	GlobalSection(SolutionConfigurationPlatforms) = preSolution
		Debug|Any CPU = Debug|Any CPU
		Release|Any CPU = Release|Any CPU
	EndGlobalSection
	GlobalSection(ProjectConfigurationPlatforms) = postSolution
		{9223D4FD-06AE-419D-A492-D89465CE2177}.Debug|Any CPU.ActiveCfg = Debug|Any CPU
		{9223D4FD-06AE-419D-A492-D89465CE2177}.Debug|Any CPU.Build.0 = Debug|Any CPU
		{9223D4FD-06AE-419D-A492-D89465CE2177}.Release|Any CPU.ActiveCfg = Release|Any CPU
		{9223D4FD-06AE-419D-A492-D89465CE2177}.Release|Any CPU.Build.0 = Release|Any CPU
		{B7D01207-B76B-492B-975B-6CF1C16ED46C}.Debug|Any CPU.ActiveCfg = Debug|Any CPU
		{B7D01207-B76B-492B-975B-6CF1C16ED46C}.Debug|Any CPU.Build.0 = Debug|Any CPU
		{B7D01207-B76B-492B-975B-6CF1C16ED46C}.Release|Any CPU.ActiveCfg = Release|Any CPU
		{B7D01207-B76B-492B-975B-6CF1C16ED46C}.Release|Any CPU.Build.0 = Release|Any CPU
		{FD520335-9784-4D97-8213-7A43EF9D9424}.Debug|Any CPU.ActiveCfg = Debug|Any CPU
		{FD520335-9784-4D97-8213-7A43EF9D9424}.Debug|Any CPU.Build.0 = Debug|Any CPU
		{FD520335-9784-4D97-8213-7A43EF9D9424}.Release|Any CPU.ActiveCfg = Release|Any CPU
		{FD520335-9784-4D97-8213-7A43EF9D9424}.Release|Any CPU.Build.0 = Release|Any CPU
		{DD51C504-246B-4CF4-A6FC-A433E07EA80B}.Debug|Any CPU.ActiveCfg = Debug|Any CPU
		{DD51C504-246B-4CF4-A6FC-A433E07EA80B}.Debug|Any CPU.Build.0 = Debug|Any CPU
		{DD51C504-246B-4CF4-A6FC-A433E07EA80B}.Release|Any CPU.ActiveCfg = Release|Any CPU
		{DD51C504-246B-4CF4-A6FC-A433E07EA80B}.Release|Any CPU.Build.0 = Release|Any CPU
		{6122AE99-85A2-4741-915A-C2B7B4DED4AF}.Debug|Any CPU.ActiveCfg = Debug|Any CPU
		{6122AE99-85A2-4741-915A-C2B7B4DED4AF}.Debug|Any CPU.Build.0 = Debug|Any CPU
		{6122AE99-85A2-4741-915A-C2B7B4DED4AF}.Release|Any CPU.ActiveCfg = Release|Any CPU
		{6122AE99-85A2-4741-915A-C2B7B4DED4AF}.Release|Any CPU.Build.0 = Release|Any CPU
	EndGlobalSection
	GlobalSection(SolutionProperties) = preSolution
		HideSolutionNode = FALSE
	EndGlobalSection
	GlobalSection(ExtensibilityGlobals) = postSolution
		SolutionGuid = {953E318B-B10B-4C0E-9D8D-505ED6B58E9C}
	EndGlobalSection
EndGlobal
